<?xml version="1.0" encoding="utf-8"?>
<Project ToolsVersion="4.0" xmlns="http://schemas.microsoft.com/developer/msbuild/2003">
  <ItemGroup>
    <Filter Include="Source Files">
      <UniqueIdentifier>{4FC737F1-C7A5-4376-A066-2A32D752A2FF}</UniqueIdentifier>
      <Extensions>cpp;c;cc;cxx;c++;cppm;ixx;def;odl;idl;hpj;bat;asm;asmx</Extensions>
    </Filter>
    <Filter Include="Header Files">
      <UniqueIdentifier>{93995380-89BD-4b04-88EB-625FBE52EBFB}</UniqueIdentifier>
      <Extensions>h;hh;hpp;hxx;h++;hm;inl;inc;ipp;xsd</Extensions>
    </Filter>
    <Filter Include="Resource Files">
      <UniqueIdentifier>{67DA6AB6-F800-4c08-8B7A-83BB121AAD01}</UniqueIdentifier>
      <Extensions>rc;ico;cur;bmp;dlg;rc2;rct;bin;rgs;gif;jpg;jpeg;jpe;resx;tiff;tif;png;wav;mfcribbon-ms</Extensions>
    </Filter>
    <Filter Include="Assets">
      <UniqueIdentifier>{3f6da646-ce92-4f16-9a93-e11fb2c563df}</UniqueIdentifier>
    </Filter>
    <Filter Include="Header Files\Scenes">
      <UniqueIdentifier>{7fd54825-405f-4377-84c0-0f3ee6e67994}</UniqueIdentifier>
    </Filter>
    <Filter Include="Header Files\High-Level">
      <UniqueIdentifier>{606a6dc6-b6ca-46fb-a378-6a39b4bbf99c}</UniqueIdentifier>
    </Filter>
    <Filter Include="Header Files\Scenes\Scene">
      <UniqueIdentifier>{0107e30e-c9a8-4a5d-9474-c116c2262930}</UniqueIdentifier>
    </Filter>
    <Filter Include="Source Files\Scenes">
      <UniqueIdentifier>{1b3804c2-c741-441f-bcc3-f254db76b189}</UniqueIdentifier>
    </Filter>
    <Filter Include="Source Files\High-Level">
      <UniqueIdentifier>{214483b3-9dc1-469f-8bee-7858536ee5c6}</UniqueIdentifier>
    </Filter>
    <Filter Include="Source Files\Scenes\Scene">
      <UniqueIdentifier>{dfafda07-21ab-47e1-85c2-06dee0bb6644}</UniqueIdentifier>
    </Filter>
    <Filter Include="Source Files\Scenes\Object">
      <UniqueIdentifier>{874c56c7-c5f2-4219-97b6-064fa04a66c1}</UniqueIdentifier>
    </Filter>
    <Filter Include="Source Files\Scenes\Helper">
      <UniqueIdentifier>{805fe531-a87d-4a19-b561-d474d5a90c4f}</UniqueIdentifier>
    </Filter>
    <Filter Include="Header Files\Scenes\Helper">
      <UniqueIdentifier>{5e8b9761-48e6-43f0-a9b2-f366f7da9352}</UniqueIdentifier>
    </Filter>
    <Filter Include="Header Files\Scenes\Object">
      <UniqueIdentifier>{50eb6d52-cc52-4273-a70b-82818c743402}</UniqueIdentifier>
    </Filter>
    <Filter Include="Header Files\Scenes\Scene\States">
      <UniqueIdentifier>{2367c81a-642d-40b0-82b2-d36effe78955}</UniqueIdentifier>
    </Filter>
    <Filter Include="Header Files\Scenes\Scene\Upgrade">
      <UniqueIdentifier>{9089ddf0-3b6b-4f3c-8e25-59888244e210}</UniqueIdentifier>
    </Filter>
    <Filter Include="Header Files\Scenes\Object\PLayer">
      <UniqueIdentifier>{9a9865c7-f76e-457f-8bdf-3e591e726775}</UniqueIdentifier>
    </Filter>
    <Filter Include="Header Files\Scenes\Object\Ghost">
      <UniqueIdentifier>{d8fa32ef-a863-4acd-9cd2-1c0281fb750f}</UniqueIdentifier>
    </Filter>
    <Filter Include="Header Files\Scenes\Object\Weapon">
      <UniqueIdentifier>{77cba4e4-c193-4c43-b220-a9f7485c1cbd}</UniqueIdentifier>
    </Filter>
    <Filter Include="Source Files\Scenes\Object\Ghost">
      <UniqueIdentifier>{e28718d8-f6ff-4b8b-a919-f17aa9fed502}</UniqueIdentifier>
    </Filter>
    <Filter Include="Source Files\Scenes\Object\Player">
      <UniqueIdentifier>{8b56d083-e89d-4e15-b5ff-539fffd2eb97}</UniqueIdentifier>
    </Filter>
    <Filter Include="Source Files\Scenes\Object\Weapon">
      <UniqueIdentifier>{9ac7e2fb-4849-431b-823b-b892c6be3eff}</UniqueIdentifier>
    </Filter>
    <Filter Include="Source Files\Scenes\Scene\States">
      <UniqueIdentifier>{e02e414a-6134-4627-a3bd-15a8f254fb14}</UniqueIdentifier>
    </Filter>
    <Filter Include="Source Files\Scenes\Scene\Upgrade">
      <UniqueIdentifier>{fe7d9908-05c4-453e-8741-d6b80321adf1}</UniqueIdentifier>
    </Filter>
  </ItemGroup>
  <ItemGroup>
    <ClCompile Include="main.cpp">
      <Filter>Source Files</Filter>
    </ClCompile>
    <ClCompile Include="Game.cpp">
      <Filter>Source Files\Scenes\Scene</Filter>
    </ClCompile>
    <ClCompile Include="AssetManager.cpp">
      <Filter>Source Files\High-Level</Filter>
    </ClCompile>
    <ClCompile Include="Animator.cpp">
      <Filter>Source Files\High-Level</Filter>
    </ClCompile>
    <ClCompile Include="OrbitalWeaponUpgrade.h">
      <Filter>Header Files\Scenes\Scene\Upgrade</Filter>
    </ClCompile>
    <ClCompile Include="EnemySpawner.cpp">
      <Filter>Source Files\Scenes\Object\Ghost</Filter>
    </ClCompile>
    <ClCompile Include="Ghost.cpp">
      <Filter>Source Files\Scenes\Object\Ghost</Filter>
    </ClCompile>
    <ClCompile Include="OrbitalWeapon.cpp">
      <Filter>Source Files\Scenes\Object\Weapon</Filter>
    </ClCompile>
    <ClCompile Include="PelletShooter.cpp">
      <Filter>Source Files\Scenes\Object\Weapon</Filter>
    </ClCompile>
    <ClCompile Include="Pinky.cpp">
      <Filter>Source Files\Scenes\Object\Ghost</Filter>
    </ClCompile>
    <ClCompile Include="Player.cpp">
      <Filter>Source Files\Scenes\Object\Player</Filter>
    </ClCompile>
    <ClCompile Include="Projectile.cpp">
      <Filter>Source Files\Scenes\Object\Weapon</Filter>
    </ClCompile>
    <ClCompile Include="HealthUpgrade.cpp">
      <Filter>Source Files\Scenes\Scene\Upgrade</Filter>
    </ClCompile>
    <ClCompile Include="MainMenuState.cpp">
      <Filter>Source Files\Scenes\Scene\States</Filter>
    </ClCompile>
    <ClCompile Include="PlayingState.cpp">
      <Filter>Source Files\Scenes\Scene\States</Filter>
    </ClCompile>
    <ClCompile Include="UIManager.cpp">
      <Filter>Source Files\High-Level</Filter>
    </ClCompile>
    <ClCompile Include="UpgradeState.cpp">
      <Filter>Source Files\Scenes\Scene\States</Filter>
    </ClCompile>
    <ClCompile Include="OrbitalWeaponUpgrade.cpp">
      <Filter>Source Files\Scenes\Scene\Upgrade</Filter>
    </ClCompile>
    <ClCompile Include="UpgradeManager.cpp">
      <Filter>Source Files\Scenes\Scene\Upgrade</Filter>
    </ClCompile>
  </ItemGroup>
  <ItemGroup>
    <ClInclude Include="Animator.h">
      <Filter>Header Files\High-Level</Filter>
    </ClInclude>
    <ClInclude Include="Game.h">
      <Filter>Header Files\Scenes\Scene</Filter>
    </ClInclude>
    <ClInclude Include="IEnemy.h">
      <Filter>Header Files\Scenes\Helper</Filter>
    </ClInclude>
    <ClInclude Include="IGameState.h">
      <Filter>Header Files\Scenes\Helper</Filter>
    </ClInclude>
    <ClInclude Include="IWeapon.h">
      <Filter>Header Files\Scenes\Helper</Filter>
    </ClInclude>
    <ClInclude Include="IUpgrade.h">
      <Filter>Header Files\Scenes\Helper</Filter>
    </ClInclude>
    <ClInclude Include="AssetManager.h">
      <Filter>Header Files\High-Level</Filter>
    </ClInclude>
    <ClInclude Include="MainMenuState.h">
      <Filter>Header Files\Scenes\Scene\States</Filter>
    </ClInclude>
    <ClInclude Include="UpgradeState.h">
      <Filter>Header Files\Scenes\Scene\States</Filter>
    </ClInclude>
    <ClInclude Include="HealthUpgrade.h">
      <Filter>Header Files\Scenes\Scene\Upgrade</Filter>
    </ClInclude>
    <ClInclude Include="PlayingState.h">
      <Filter>Header Files\Scenes\Scene\States</Filter>
    </ClInclude>
    <ClInclude Include="Pinky.h">
      <Filter>Header Files\Scenes\Object\Ghost</Filter>
    </ClInclude>
    <ClInclude Include="Player.h">
      <Filter>Header Files\Scenes\Object\PLayer</Filter>
    </ClInclude>
    <ClInclude Include="EnemySpawner.h">
      <Filter>Header Files\Scenes\Object\Ghost</Filter>
    </ClInclude>
    <ClInclude Include="Ghost.h">
      <Filter>Header Files\Scenes\Object\Ghost</Filter>
    </ClInclude>
    <ClInclude Include="OrbitalWeapon.h">
      <Filter>Header Files\Scenes\Object\Weapon</Filter>
    </ClInclude>
    <ClInclude Include="PelletShooter.h">
      <Filter>Header Files\Scenes\Object\Weapon</Filter>
    </ClInclude>
    <ClInclude Include="Projectile.h">
      <Filter>Header Files\Scenes\Object\Weapon</Filter>
    </ClInclude>
    <ClInclude Include="UIManager.h">
      <Filter>Header Files\High-Level</Filter>
    </ClInclude>
    <ClInclude Include="UpgradeManager.h">
      <Filter>Header Files\Scenes\Scene\Upgrade</Filter>
    </ClInclude>
  </ItemGroup>
</Project>